// !$*UTF8*$!
{
	archiveVersion = 1;
	classes = {
	};
	objectVersion = 46;
	objects = {

/* Begin PBXBuildFile section */
		16BA95420A7EB2EB001E4983 /* v002_TCP_Socket_ServerPlugIn.m in Sources */ = {isa = PBXBuildFile; fileRef = 16BA95410A7EB2EB001E4983 /* v002_TCP_Socket_ServerPlugIn.m */; };
		16BA96310A7EB9AC001E4983 /* Quartz.framework in Frameworks */ = {isa = PBXBuildFile; fileRef = 16BA96300A7EB9AC001E4983 /* Quartz.framework */; };
		1BB08B8A11E416BD00324FF9 /* v002_TCP_Socket_ClientPlugIn.m in Sources */ = {isa = PBXBuildFile; fileRef = 1BB08B8911E416BD00324FF9 /* v002_TCP_Socket_ClientPlugIn.m */; };
		1BD3BC0B14D1FEE500D833C5 /* Security.framework in Frameworks */ = {isa = PBXBuildFile; fileRef = 1BD3BC0A14D1FEE500D833C5 /* Security.framework */; };
		1BD3BC1D14D1FF8500D833C5 /* v002_UDP_Socket_ClientPlugIn.m in Sources */ = {isa = PBXBuildFile; fileRef = 1BD3BC1A14D1FF8500D833C5 /* v002_UDP_Socket_ClientPlugIn.m */; };
		1BD3BC1E14D1FF8500D833C5 /* v002_UDP_Socket_ServerPlugIn.m in Sources */ = {isa = PBXBuildFile; fileRef = 1BD3BC1C14D1FF8500D833C5 /* v002_UDP_Socket_ServerPlugIn.m */; };
		1BE07C0F155208AA00D626F7 /* GCDAsyncSocket.m in Sources */ = {isa = PBXBuildFile; fileRef = 1BE07C0C155208AA00D626F7 /* GCDAsyncSocket.m */; };
		1BE07C10155208AA00D626F7 /* GCDAsyncUdpSocket.m in Sources */ = {isa = PBXBuildFile; fileRef = 1BE07C0E155208AA00D626F7 /* GCDAsyncUdpSocket.m */; };
		8D5B49B4048680CD000E48DA /* Cocoa.framework in Frameworks */ = {isa = PBXBuildFile; fileRef = 1058C7ADFEA557BF11CA2CBB /* Cocoa.framework */; };
/* End PBXBuildFile section */

/* Begin PBXFileReference section */
		1058C7ADFEA557BF11CA2CBB /* Cocoa.framework */ = {isa = PBXFileReference; lastKnownFileType = wrapper.framework; name = Cocoa.framework; path = /System/Library/Frameworks/Cocoa.framework; sourceTree = "<absolute>"; };
		16AA5C440A7EEE7300888E31 /* v002 Network_Prefix.pch */ = {isa = PBXFileReference; fileEncoding = 30; lastKnownFileType = sourcecode.c.h; path = "v002 Network_Prefix.pch"; sourceTree = "<group>"; };
		16BA95400A7EB2EB001E4983 /* v002_TCP_Socket_ServerPlugIn.h */ = {isa = PBXFileReference; fileEncoding = 30; lastKnownFileType = sourcecode.c.h; path = v002_TCP_Socket_ServerPlugIn.h; sourceTree = "<group>"; };
		16BA95410A7EB2EB001E4983 /* v002_TCP_Socket_ServerPlugIn.m */ = {isa = PBXFileReference; fileEncoding = 30; lastKnownFileType = sourcecode.c.objc; path = v002_TCP_Socket_ServerPlugIn.m; sourceTree = "<group>"; };
		16BA96300A7EB9AC001E4983 /* Quartz.framework */ = {isa = PBXFileReference; lastKnownFileType = wrapper.framework; name = Quartz.framework; path = /System/Library/Frameworks/Quartz.framework; sourceTree = "<absolute>"; };
		1BB08B8811E416BD00324FF9 /* v002_TCP_Socket_ClientPlugIn.h */ = {isa = PBXFileReference; fileEncoding = 4; lastKnownFileType = sourcecode.c.h; path = v002_TCP_Socket_ClientPlugIn.h; sourceTree = "<group>"; };
		1BB08B8911E416BD00324FF9 /* v002_TCP_Socket_ClientPlugIn.m */ = {isa = PBXFileReference; fileEncoding = 4; lastKnownFileType = sourcecode.c.objc; path = v002_TCP_Socket_ClientPlugIn.m; sourceTree = "<group>"; };
		1BD3BC0A14D1FEE500D833C5 /* Security.framework */ = {isa = PBXFileReference; lastKnownFileType = wrapper.framework; name = Security.framework; path = System/Library/Frameworks/Security.framework; sourceTree = SDKROOT; };
		1BD3BC1914D1FF8500D833C5 /* v002_UDP_Socket_ClientPlugIn.h */ = {isa = PBXFileReference; fileEncoding = 4; lastKnownFileType = sourcecode.c.h; path = v002_UDP_Socket_ClientPlugIn.h; sourceTree = "<group>"; };
		1BD3BC1A14D1FF8500D833C5 /* v002_UDP_Socket_ClientPlugIn.m */ = {isa = PBXFileReference; fileEncoding = 4; lastKnownFileType = sourcecode.c.objc; path = v002_UDP_Socket_ClientPlugIn.m; sourceTree = "<group>"; };
		1BD3BC1B14D1FF8500D833C5 /* v002_UDP_Socket_ServerPlugIn.h */ = {isa = PBXFileReference; fileEncoding = 4; lastKnownFileType = sourcecode.c.h; path = v002_UDP_Socket_ServerPlugIn.h; sourceTree = "<group>"; };
		1BD3BC1C14D1FF8500D833C5 /* v002_UDP_Socket_ServerPlugIn.m */ = {isa = PBXFileReference; fileEncoding = 4; lastKnownFileType = sourcecode.c.objc; path = v002_UDP_Socket_ServerPlugIn.m; sourceTree = "<group>"; };
		1BE07C0B155208AA00D626F7 /* GCDAsyncSocket.h */ = {isa = PBXFileReference; fileEncoding = 4; lastKnownFileType = sourcecode.c.h; path = GCDAsyncSocket.h; sourceTree = "<group>"; };
		1BE07C0C155208AA00D626F7 /* GCDAsyncSocket.m */ = {isa = PBXFileReference; fileEncoding = 4; lastKnownFileType = sourcecode.c.objc; path = GCDAsyncSocket.m; sourceTree = "<group>"; };
		1BE07C0D155208AA00D626F7 /* GCDAsyncUdpSocket.h */ = {isa = PBXFileReference; fileEncoding = 4; lastKnownFileType = sourcecode.c.h; path = GCDAsyncUdpSocket.h; sourceTree = "<group>"; };
		1BE07C0E155208AA00D626F7 /* GCDAsyncUdpSocket.m */ = {isa = PBXFileReference; fileEncoding = 4; lastKnownFileType = sourcecode.c.objc; path = GCDAsyncUdpSocket.m; sourceTree = "<group>"; };
		8D5B49B6048680CD000E48DA /* v002 Network.plugin */ = {isa = PBXFileReference; explicitFileType = wrapper.cfbundle; includeInIndex = 0; path = "v002 Network.plugin"; sourceTree = BUILT_PRODUCTS_DIR; };
		8D5B49B7048680CD000E48DA /* Info.plist */ = {isa = PBXFileReference; fileEncoding = 4; lastKnownFileType = text.plist.xml; path = Info.plist; sourceTree = "<group>"; };
/* End PBXFileReference section */

/* Begin PBXFrameworksBuildPhase section */
		8D5B49B3048680CD000E48DA /* Frameworks */ = {
			isa = PBXFrameworksBuildPhase;
			buildActionMask = 2147483647;
			files = (
				8D5B49B4048680CD000E48DA /* Cocoa.framework in Frameworks */,
				16BA96310A7EB9AC001E4983 /* Quartz.framework in Frameworks */,
				1BD3BC0B14D1FEE500D833C5 /* Security.framework in Frameworks */,
			);
			runOnlyForDeploymentPostprocessing = 0;
		};
/* End PBXFrameworksBuildPhase section */

/* Begin PBXGroup section */
		089C166AFE841209C02AAC07 /* Quartz Composer Plug In */ = {
			isa = PBXGroup;
			children = (
				08FB77AFFE84173DC02AAC07 /* Classes */,
				32C88E010371C26100C91783 /* Other Sources */,
				089C167CFE841241C02AAC07 /* Resources */,
				089C1671FE841209C02AAC07 /* Frameworks */,
				19C28FB8FE9D52D311CA2CBB /* Products */,
			);
			name = "Quartz Composer Plug In";
			sourceTree = "<group>";
		};
		089C1671FE841209C02AAC07 /* Frameworks */ = {
			isa = PBXGroup;
			children = (
				16BA96300A7EB9AC001E4983 /* Quartz.framework */,
				1058C7ADFEA557BF11CA2CBB /* Cocoa.framework */,
				1BD3BC0A14D1FEE500D833C5 /* Security.framework */,
			);
			name = Frameworks;
			sourceTree = "<group>";
		};
		089C167CFE841241C02AAC07 /* Resources */ = {
			isa = PBXGroup;
			children = (
				8D5B49B7048680CD000E48DA /* Info.plist */,
			);
			name = Resources;
			sourceTree = "<group>";
		};
		08FB77AFFE84173DC02AAC07 /* Classes */ = {
			isa = PBXGroup;
			children = (
				1BE07C0A155208AA00D626F7 /* CocoaAsyncSocket */,
				1BD3BC1F14D1FF8B00D833C5 /* TCP */,
				1BD3BC2014D1FF9100D833C5 /* UDP */,
			);
			name = Classes;
			sourceTree = "<group>";
		};
		19C28FB8FE9D52D311CA2CBB /* Products */ = {
			isa = PBXGroup;
			children = (
				8D5B49B6048680CD000E48DA /* v002 Network.plugin */,
			);
			name = Products;
			sourceTree = "<group>";
		};
		1BD3BC1F14D1FF8B00D833C5 /* TCP */ = {
			isa = PBXGroup;
			children = (
				16BA95400A7EB2EB001E4983 /* v002_TCP_Socket_ServerPlugIn.h */,
				16BA95410A7EB2EB001E4983 /* v002_TCP_Socket_ServerPlugIn.m */,
				1BB08B8811E416BD00324FF9 /* v002_TCP_Socket_ClientPlugIn.h */,
				1BB08B8911E416BD00324FF9 /* v002_TCP_Socket_ClientPlugIn.m */,
			);
			name = TCP;
			sourceTree = "<group>";
		};
		1BD3BC2014D1FF9100D833C5 /* UDP */ = {
			isa = PBXGroup;
			children = (
				1BD3BC1914D1FF8500D833C5 /* v002_UDP_Socket_ClientPlugIn.h */,
				1BD3BC1A14D1FF8500D833C5 /* v002_UDP_Socket_ClientPlugIn.m */,
				1BD3BC1B14D1FF8500D833C5 /* v002_UDP_Socket_ServerPlugIn.h */,
				1BD3BC1C14D1FF8500D833C5 /* v002_UDP_Socket_ServerPlugIn.m */,
			);
			name = UDP;
			sourceTree = "<group>";
		};
		1BE07C0A155208AA00D626F7 /* CocoaAsyncSocket */ = {
			isa = PBXGroup;
			children = (
				1BE07C0B155208AA00D626F7 /* GCDAsyncSocket.h */,
				1BE07C0C155208AA00D626F7 /* GCDAsyncSocket.m */,
				1BE07C0D155208AA00D626F7 /* GCDAsyncUdpSocket.h */,
				1BE07C0E155208AA00D626F7 /* GCDAsyncUdpSocket.m */,
			);
			path = CocoaAsyncSocket;
			sourceTree = "<group>";
		};
		32C88E010371C26100C91783 /* Other Sources */ = {
			isa = PBXGroup;
			children = (
				16AA5C440A7EEE7300888E31 /* v002 Network_Prefix.pch */,
			);
			name = "Other Sources";
			sourceTree = "<group>";
		};
/* End PBXGroup section */

/* Begin PBXNativeTarget section */
		8D5B49AC048680CD000E48DA /* v002 Network */ = {
			isa = PBXNativeTarget;
			buildConfigurationList = 1DEB913A08733D840010E9CD /* Build configuration list for PBXNativeTarget "v002 Network" */;
			buildPhases = (
				8D5B49B1048680CD000E48DA /* Sources */,
				8D5B49B3048680CD000E48DA /* Frameworks */,
				1B884FAA15C0FFE7009AB948 /* ShellScript */,
			);
			buildRules = (
			);
			dependencies = (
			);
			name = "v002 Network";
			productInstallPath = "$(HOME)/Library/Bundles";
			productName = "Quartz Composer Plug In";
			productReference = 8D5B49B6048680CD000E48DA /* v002 Network.plugin */;
			productType = "com.apple.product-type.bundle";
		};
/* End PBXNativeTarget section */

/* Begin PBXProject section */
		089C1669FE841209C02AAC07 /* Project object */ = {
			isa = PBXProject;
			attributes = {
				LastUpgradeCheck = 0510;
			};
			buildConfigurationList = 1DEB913E08733D840010E9CD /* Build configuration list for PBXProject "v002 Network" */;
			compatibilityVersion = "Xcode 3.2";
			developmentRegion = English;
			hasScannedForEncodings = 1;
			knownRegions = (
				English,
				Japanese,
				French,
				German,
			);
			mainGroup = 089C166AFE841209C02AAC07 /* Quartz Composer Plug In */;
			projectDirPath = "";
			projectRoot = "";
			targets = (
				8D5B49AC048680CD000E48DA /* v002 Network */,
			);
		};
/* End PBXProject section */

/* Begin PBXShellScriptBuildPhase section */
		1B884FAA15C0FFE7009AB948 /* ShellScript */ = {
			isa = PBXShellScriptBuildPhase;
			buildActionMask = 2147483647;
			files = (
			);
			inputPaths = (
			);
			outputPaths = (
			);
			runOnlyForDeploymentPostprocessing = 0;
			shellPath = /bin/sh;
			shellScript = "# This shell script simply copies the built plug-in to \"~/Library/Graphics/Quartz Composer Plug-Ins\" and overrides any previous version at that location\n\nmkdir -p \"$USER_LIBRARY_DIR/Graphics/Quartz Composer Plug-Ins\"\nrm -rf \"$USER_LIBRARY_DIR/Graphics/Quartz Composer Plug-Ins/v002 Network.plugin\"\ncp -rf \"$BUILT_PRODUCTS_DIR/v002 Network.plugin\" \"$USER_LIBRARY_DIR/Graphics/Quartz Composer Plug-Ins/\"\n";
		};
/* End PBXShellScriptBuildPhase section */

/* Begin PBXSourcesBuildPhase section */
		8D5B49B1048680CD000E48DA /* Sources */ = {
			isa = PBXSourcesBuildPhase;
			buildActionMask = 2147483647;
			files = (
				16BA95420A7EB2EB001E4983 /* v002_TCP_Socket_ServerPlugIn.m in Sources */,
				1BB08B8A11E416BD00324FF9 /* v002_TCP_Socket_ClientPlugIn.m in Sources */,
				1BD3BC1D14D1FF8500D833C5 /* v002_UDP_Socket_ClientPlugIn.m in Sources */,
				1BD3BC1E14D1FF8500D833C5 /* v002_UDP_Socket_ServerPlugIn.m in Sources */,
				1BE07C0F155208AA00D626F7 /* GCDAsyncSocket.m in Sources */,
				1BE07C10155208AA00D626F7 /* GCDAsyncUdpSocket.m in Sources */,
			);
			runOnlyForDeploymentPostprocessing = 0;
		};
/* End PBXSourcesBuildPhase section */

/* Begin XCBuildConfiguration section */
		1DEB913B08733D840010E9CD /* Debug */ = {
			isa = XCBuildConfiguration;
			buildSettings = {
				COMBINE_HIDPI_IMAGES = YES;
				COPY_PHASE_STRIP = NO;
				GCC_DYNAMIC_NO_PIC = NO;
				GCC_OPTIMIZATION_LEVEL = 0;
				GCC_PRECOMPILE_PREFIX_HEADER = YES;
				GCC_PREFIX_HEADER = "v002 Network_Prefix.pch";
				GCC_VERSION = com.apple.compilers.llvm.clang.1_0;
				INFOPLIST_FILE = Info.plist;
				INSTALL_PATH = "$(HOME)/Library/Graphics/Quartz Composer Plug-Ins";
				MACOSX_DEPLOYMENT_TARGET = 10.6;
				PRODUCT_NAME = "v002 Network";
				SDKROOT = macosx;
				VALID_ARCHS = "i386 x86_64";
				WRAPPER_EXTENSION = plugin;
			};
			name = Debug;
		};
		1DEB913C08733D840010E9CD /* Release */ = {
			isa = XCBuildConfiguration;
			buildSettings = {
				COMBINE_HIDPI_IMAGES = YES;
				DEBUG_INFORMATION_FORMAT = "dwarf-with-dsym";
				GCC_PRECOMPILE_PREFIX_HEADER = YES;
				GCC_PREFIX_HEADER = "v002 Network_Prefix.pch";
				GCC_VERSION = com.apple.compilers.llvm.clang.1_0;
				INFOPLIST_FILE = Info.plist;
				INSTALL_PATH = "$(HOME)/Library/Graphics/Quartz Composer Plug-Ins";
				MACOSX_DEPLOYMENT_TARGET = 10.6;
				PRODUCT_NAME = "v002 Network";
				SDKROOT = macosx;
				VALID_ARCHS = "i386 x86_64";
				WRAPPER_EXTENSION = plugin;
			};
			name = Release;
		};
		1DEB913F08733D840010E9CD /* Debug */ = {
			isa = XCBuildConfiguration;
			buildSettings = {
				ARCHS = "$(ARCHS_STANDARD_32_64_BIT)";
				GCC_C_LANGUAGE_STANDARD = gnu99;
				GCC_WARN_ABOUT_RETURN_TYPE = YES;
				GCC_WARN_UNUSED_VARIABLE = YES;
				ONLY_ACTIVE_ARCH = YES;
				SDKROOT = macosx;
			};
			name = Debug;
		};
		1DEB914008733D840010E9CD /* Release */ = {
			isa = XCBuildConfiguration;
			buildSettings = {
				ARCHS = "$(ARCHS_STANDARD_32_64_BIT)";
				GCC_C_LANGUAGE_STANDARD = gnu99;
				GCC_WARN_ABOUT_RETURN_TYPE = YES;
				GCC_WARN_UNUSED_VARIABLE = YES;
				SDKROOT = macosx;
			};
			name = Release;
		};
/* End XCBuildConfiguration section */

/* Begin XCConfigurationList section */
		1DEB913A08733D840010E9CD /* Build configuration list for PBXNativeTarget "v002 Network" */ = {
			isa = XCConfigurationList;
			buildConfigurations = (
				1DEB913B08733D840010E9CD /* Debug */,
				1DEB913C08733D840010E9CD /* Release */,
			);
			defaultConfigurationIsVisible = 0;
			defaultConfigurationName = Release;
		};
		1DEB913E08733D840010E9CD /* Build configuration list for PBXProject "v002 Network" */ = {
			isa = XCConfigurationList;
			buildConfigurations = (
				1DEB913F08733D840010E9CD /* Debug */,
				1DEB914008733D840010E9CD /* Release */,
			);
			defaultConfigurationIsVisible = 0;
			defaultConfigurationName = Release;
		};
/* End XCConfigurationList section */
	};
	rootObject = 089C1669FE841209C02AAC07 /* Project object */;
}
